// !$*UTF8*$!
{
	archiveVersion = 1;
	classes = {
	};
	objectVersion = 56;
	objects = {

/* Begin PBXBuildFile section */
		0402AD2B2D2CD0820066BA07 /* AppDelegate.swift in Sources */ = {isa = PBXBuildFile; fileRef = 0402AD2A2D2CD0820066BA07 /* AppDelegate.swift */; };
		0402AD2D2D2CD0820066BA07 /* SceneDelegate.swift in Sources */ = {isa = PBXBuildFile; fileRef = 0402AD2C2D2CD0820066BA07 /* SceneDelegate.swift */; };
		0402AD342D2CD0840066BA07 /* Assets.xcassets in Resources */ = {isa = PBXBuildFile; fileRef = 0402AD332D2CD0840066BA07 /* Assets.xcassets */; };
		0402AD372D2CD0840066BA07 /* LaunchScreen.storyboard in Resources */ = {isa = PBXBuildFile; fileRef = 0402AD352D2CD0840066BA07 /* LaunchScreen.storyboard */; };
		0410FAC22D67004200E518FF /* GFUserInfoHeaderVC.swift in Sources */ = {isa = PBXBuildFile; fileRef = 0410FAC12D67004200E518FF /* GFUserInfoHeaderVC.swift */; };
		0410FAC42D6700DB00E518FF /* GFSecondaryTitleLabel.swift in Sources */ = {isa = PBXBuildFile; fileRef = 0410FAC32D6700DB00E518FF /* GFSecondaryTitleLabel.swift */; };
		0410FAC62D670A6400E518FF /* Constants.swift in Sources */ = {isa = PBXBuildFile; fileRef = 0410FAC52D670A6400E518FF /* Constants.swift */; };
		0417420D2D70720D0057E93E /* FavoriteCell.swift in Sources */ = {isa = PBXBuildFile; fileRef = 0417420C2D70720D0057E93E /* FavoriteCell.swift */; };
		0431CC922D60279E00FBE602 /* FollowerCell.swift in Sources */ = {isa = PBXBuildFile; fileRef = 0431CC912D60279E00FBE602 /* FollowerCell.swift */; };
		0431CC942D6028D700FBE602 /* GFAvatarImageView.swift in Sources */ = {isa = PBXBuildFile; fileRef = 0431CC932D6028D700FBE602 /* GFAvatarImageView.swift */; };
		0439E4642D5BF18D0029FC07 /* NetworkManager.swift in Sources */ = {isa = PBXBuildFile; fileRef = 0439E4632D5BF18D0029FC07 /* NetworkManager.swift */; };
		0439E4672D5C16FD0029FC07 /* GFError.swift in Sources */ = {isa = PBXBuildFile; fileRef = 0439E4662D5C16FD0029FC07 /* GFError.swift */; };
		045F5B112D65617800209CEC /* GFEmptyStateView.swift in Sources */ = {isa = PBXBuildFile; fileRef = 045F5B102D65617800209CEC /* GFEmptyStateView.swift */; };
		045F5B132D657B2600209CEC /* UserInfoVC.swift in Sources */ = {isa = PBXBuildFile; fileRef = 045F5B122D657B2600209CEC /* UserInfoVC.swift */; };
		046138C72D5AD3CA00E44144 /* GFAlertVC.swift in Sources */ = {isa = PBXBuildFile; fileRef = 046138C62D5AD3CA00E44144 /* GFAlertVC.swift */; };
		046138C92D5ADD3700E44144 /* UIViewControllers+Ext.swift in Sources */ = {isa = PBXBuildFile; fileRef = 046138C82D5ADD3700E44144 /* UIViewControllers+Ext.swift */; };
		046138D02D5AF12200E44144 /* Follower.swift in Sources */ = {isa = PBXBuildFile; fileRef = 046138CF2D5AF12200E44144 /* Follower.swift */; };
		046138D22D5AF28400E44144 /* User.swift in Sources */ = {isa = PBXBuildFile; fileRef = 046138D12D5AF28400E44144 /* User.swift */; };
		046A60042D305FDE0041ADAF /* GFButton.swift in Sources */ = {isa = PBXBuildFile; fileRef = 046A60032D305FDE0041ADAF /* GFButton.swift */; };
		046A60082D3082B90041ADAF /* GFTextField.swift in Sources */ = {isa = PBXBuildFile; fileRef = 046A60072D3082B90041ADAF /* GFTextField.swift */; };
		046A600A2D30B0B90041ADAF /* FollowerListVC.swift in Sources */ = {isa = PBXBuildFile; fileRef = 046A60092D30B0B90041ADAF /* FollowerListVC.swift */; };
		047FEC6E2D734FD3002A2FC6 /* GFTabBarController.swift in Sources */ = {isa = PBXBuildFile; fileRef = 047FEC6D2D734FD3002A2FC6 /* GFTabBarController.swift */; };
		04D1F56A2D6EFC1B00DEED71 /* PersistenceManager.swift in Sources */ = {isa = PBXBuildFile; fileRef = 04D1F5692D6EFC1B00DEED71 /* PersistenceManager.swift */; };
		04E97DD12D59890E00451206 /* GFTitleLabel.swift in Sources */ = {isa = PBXBuildFile; fileRef = 04E97DD02D59890E00451206 /* GFTitleLabel.swift */; };
		04E97DD32D598E8200451206 /* GFBodyLabel.swift in Sources */ = {isa = PBXBuildFile; fileRef = 04E97DD22D598E8200451206 /* GFBodyLabel.swift */; };
		04EDB7282D2E0D9F00853384 /* SearchVC.swift in Sources */ = {isa = PBXBuildFile; fileRef = 04EDB7272D2E0D9F00853384 /* SearchVC.swift */; };
		04EDB72A2D2E0DE300853384 /* FavoritesListVC.swift in Sources */ = {isa = PBXBuildFile; fileRef = 04EDB7292D2E0DE300853384 /* FavoritesListVC.swift */; };
		04EE752E2D69B67300545ADC /* GFItemInfoView.swift in Sources */ = {isa = PBXBuildFile; fileRef = 04EE752D2D69B67300545ADC /* GFItemInfoView.swift */; };
		04EE75312D69C84200545ADC /* GFItemInfoVC.swift in Sources */ = {isa = PBXBuildFile; fileRef = 04EE75302D69C84200545ADC /* GFItemInfoVC.swift */; };
		04EE75332D69C87100545ADC /* GFFollowerItemVC.swift in Sources */ = {isa = PBXBuildFile; fileRef = 04EE75322D69C87100545ADC /* GFFollowerItemVC.swift */; };
		04EE75352D69C89800545ADC /* GFRepoItemVC.swift in Sources */ = {isa = PBXBuildFile; fileRef = 04EE75342D69C89800545ADC /* GFRepoItemVC.swift */; };
		04EE75372D69D73200545ADC /* String+Ext.swift in Sources */ = {isa = PBXBuildFile; fileRef = 04EE75362D69D73200545ADC /* String+Ext.swift */; };
		04EE75392D69D74500545ADC /* Date+Ext.swift in Sources */ = {isa = PBXBuildFile; fileRef = 04EE75382D69D74500545ADC /* Date+Ext.swift */; };
		04F6BFAD2D617776003FBFF5 /* UIHelper.swift in Sources */ = {isa = PBXBuildFile; fileRef = 04F6BFAC2D617776003FBFF5 /* UIHelper.swift */; };
/* End PBXBuildFile section */

/* Begin PBXFileReference section */
		0402AD272D2CD0820066BA07 /* GitHubFollowers.app */ = {isa = PBXFileReference; explicitFileType = wrapper.application; includeInIndex = 0; path = GitHubFollowers.app; sourceTree = BUILT_PRODUCTS_DIR; };
		0402AD2A2D2CD0820066BA07 /* AppDelegate.swift */ = {isa = PBXFileReference; lastKnownFileType = sourcecode.swift; path = AppDelegate.swift; sourceTree = "<group>"; };
		0402AD2C2D2CD0820066BA07 /* SceneDelegate.swift */ = {isa = PBXFileReference; lastKnownFileType = sourcecode.swift; path = SceneDelegate.swift; sourceTree = "<group>"; };
		0402AD332D2CD0840066BA07 /* Assets.xcassets */ = {isa = PBXFileReference; lastKnownFileType = folder.assetcatalog; path = Assets.xcassets; sourceTree = "<group>"; };
		0402AD362D2CD0840066BA07 /* Base */ = {isa = PBXFileReference; lastKnownFileType = file.storyboard; name = Base; path = Base.lproj/LaunchScreen.storyboard; sourceTree = "<group>"; };
		0402AD382D2CD0840066BA07 /* Info.plist */ = {isa = PBXFileReference; lastKnownFileType = text.plist.xml; path = Info.plist; sourceTree = "<group>"; };
		0410FAC12D67004200E518FF /* GFUserInfoHeaderVC.swift */ = {isa = PBXFileReference; lastKnownFileType = sourcecode.swift; path = GFUserInfoHeaderVC.swift; sourceTree = "<group>"; };
		0410FAC32D6700DB00E518FF /* GFSecondaryTitleLabel.swift */ = {isa = PBXFileReference; lastKnownFileType = sourcecode.swift; path = GFSecondaryTitleLabel.swift; sourceTree = "<group>"; };
		0410FAC52D670A6400E518FF /* Constants.swift */ = {isa = PBXFileReference; lastKnownFileType = sourcecode.swift; path = Constants.swift; sourceTree = "<group>"; };
		0417420C2D70720D0057E93E /* FavoriteCell.swift */ = {isa = PBXFileReference; lastKnownFileType = sourcecode.swift; path = FavoriteCell.swift; sourceTree = "<group>"; };
		0431CC912D60279E00FBE602 /* FollowerCell.swift */ = {isa = PBXFileReference; lastKnownFileType = sourcecode.swift; path = FollowerCell.swift; sourceTree = "<group>"; };
		0431CC932D6028D700FBE602 /* GFAvatarImageView.swift */ = {isa = PBXFileReference; lastKnownFileType = sourcecode.swift; path = GFAvatarImageView.swift; sourceTree = "<group>"; };
		0439E4632D5BF18D0029FC07 /* NetworkManager.swift */ = {isa = PBXFileReference; lastKnownFileType = sourcecode.swift; path = NetworkManager.swift; sourceTree = "<group>"; };
		0439E4662D5C16FD0029FC07 /* GFError.swift */ = {isa = PBXFileReference; lastKnownFileType = sourcecode.swift; path = GFError.swift; sourceTree = "<group>"; };
		045F5B102D65617800209CEC /* GFEmptyStateView.swift */ = {isa = PBXFileReference; lastKnownFileType = sourcecode.swift; path = GFEmptyStateView.swift; sourceTree = "<group>"; };
		045F5B122D657B2600209CEC /* UserInfoVC.swift */ = {isa = PBXFileReference; lastKnownFileType = sourcecode.swift; path = UserInfoVC.swift; sourceTree = "<group>"; };
		046138C62D5AD3CA00E44144 /* GFAlertVC.swift */ = {isa = PBXFileReference; lastKnownFileType = sourcecode.swift; path = GFAlertVC.swift; sourceTree = "<group>"; };
		046138C82D5ADD3700E44144 /* UIViewControllers+Ext.swift */ = {isa = PBXFileReference; lastKnownFileType = sourcecode.swift; path = "UIViewControllers+Ext.swift"; sourceTree = "<group>"; };
		046138CF2D5AF12200E44144 /* Follower.swift */ = {isa = PBXFileReference; lastKnownFileType = sourcecode.swift; path = Follower.swift; sourceTree = "<group>"; };
		046138D12D5AF28400E44144 /* User.swift */ = {isa = PBXFileReference; lastKnownFileType = sourcecode.swift; path = User.swift; sourceTree = "<group>"; };
		046A60032D305FDE0041ADAF /* GFButton.swift */ = {isa = PBXFileReference; lastKnownFileType = sourcecode.swift; path = GFButton.swift; sourceTree = "<group>"; };
		046A60072D3082B90041ADAF /* GFTextField.swift */ = {isa = PBXFileReference; lastKnownFileType = sourcecode.swift; path = GFTextField.swift; sourceTree = "<group>"; };
		046A60092D30B0B90041ADAF /* FollowerListVC.swift */ = {isa = PBXFileReference; lastKnownFileType = sourcecode.swift; path = FollowerListVC.swift; sourceTree = "<group>"; };
		047FEC6D2D734FD3002A2FC6 /* GFTabBarController.swift */ = {isa = PBXFileReference; lastKnownFileType = sourcecode.swift; path = GFTabBarController.swift; sourceTree = "<group>"; };
		04D1F5692D6EFC1B00DEED71 /* PersistenceManager.swift */ = {isa = PBXFileReference; lastKnownFileType = sourcecode.swift; path = PersistenceManager.swift; sourceTree = "<group>"; };
		04E97DD02D59890E00451206 /* GFTitleLabel.swift */ = {isa = PBXFileReference; lastKnownFileType = sourcecode.swift; path = GFTitleLabel.swift; sourceTree = "<group>"; };
		04E97DD22D598E8200451206 /* GFBodyLabel.swift */ = {isa = PBXFileReference; lastKnownFileType = sourcecode.swift; path = GFBodyLabel.swift; sourceTree = "<group>"; };
		04EDB7272D2E0D9F00853384 /* SearchVC.swift */ = {isa = PBXFileReference; lastKnownFileType = sourcecode.swift; path = SearchVC.swift; sourceTree = "<group>"; };
		04EDB7292D2E0DE300853384 /* FavoritesListVC.swift */ = {isa = PBXFileReference; lastKnownFileType = sourcecode.swift; path = FavoritesListVC.swift; sourceTree = "<group>"; };
		04EE752D2D69B67300545ADC /* GFItemInfoView.swift */ = {isa = PBXFileReference; lastKnownFileType = sourcecode.swift; path = GFItemInfoView.swift; sourceTree = "<group>"; };
		04EE75302D69C84200545ADC /* GFItemInfoVC.swift */ = {isa = PBXFileReference; lastKnownFileType = sourcecode.swift; path = GFItemInfoVC.swift; sourceTree = "<group>"; };
		04EE75322D69C87100545ADC /* GFFollowerItemVC.swift */ = {isa = PBXFileReference; lastKnownFileType = sourcecode.swift; path = GFFollowerItemVC.swift; sourceTree = "<group>"; };
		04EE75342D69C89800545ADC /* GFRepoItemVC.swift */ = {isa = PBXFileReference; lastKnownFileType = sourcecode.swift; path = GFRepoItemVC.swift; sourceTree = "<group>"; };
		04EE75362D69D73200545ADC /* String+Ext.swift */ = {isa = PBXFileReference; lastKnownFileType = sourcecode.swift; path = "String+Ext.swift"; sourceTree = "<group>"; };
		04EE75382D69D74500545ADC /* Date+Ext.swift */ = {isa = PBXFileReference; lastKnownFileType = sourcecode.swift; path = "Date+Ext.swift"; sourceTree = "<group>"; };
		04F6BFAC2D617776003FBFF5 /* UIHelper.swift */ = {isa = PBXFileReference; lastKnownFileType = sourcecode.swift; path = UIHelper.swift; sourceTree = "<group>"; };
/* End PBXFileReference section */

/* Begin PBXFrameworksBuildPhase section */
		0402AD242D2CD0820066BA07 /* Frameworks */ = {
			isa = PBXFrameworksBuildPhase;
			buildActionMask = 2147483647;
			files = (
			);
			runOnlyForDeploymentPostprocessing = 0;
		};
/* End PBXFrameworksBuildPhase section */

/* Begin PBXGroup section */
		0402AD1E2D2CD0820066BA07 = {
			isa = PBXGroup;
			children = (
				0402AD292D2CD0820066BA07 /* GitHubFollowers */,
				0402AD282D2CD0820066BA07 /* Products */,
			);
			sourceTree = "<group>";
		};
		0402AD282D2CD0820066BA07 /* Products */ = {
			isa = PBXGroup;
			children = (
				0402AD272D2CD0820066BA07 /* GitHubFollowers.app */,
			);
			name = Products;
			sourceTree = "<group>";
		};
		0402AD292D2CD0820066BA07 /* GitHubFollowers */ = {
			isa = PBXGroup;
			children = (
				0439E4652D5C16DF0029FC07 /* Utilities */,
				0439E4622D5BF1750029FC07 /* Managers */,
				0402AD382D2CD0840066BA07 /* Info.plist */,
				046138CE2D5AF10F00E44144 /* Model */,
				046138CD2D5AE3D700E44144 /* Support */,
				046138CC2D5AE36900E44144 /* Extentions */,
				046138CB2D5AE2EF00E44144 /* Custom Views */,
				046138CA2D5AE28900E44144 /* Screens */,
			);
			path = GitHubFollowers;
			sourceTree = "<group>";
		};
		0431CC902D60276F00FBE602 /* Cells */ = {
			isa = PBXGroup;
			children = (
				0431CC912D60279E00FBE602 /* FollowerCell.swift */,
				0417420C2D70720D0057E93E /* FavoriteCell.swift */,
			);
			path = Cells;
			sourceTree = "<group>";
		};
		0439E4622D5BF1750029FC07 /* Managers */ = {
			isa = PBXGroup;
			children = (
				0439E4632D5BF18D0029FC07 /* NetworkManager.swift */,
				04D1F5692D6EFC1B00DEED71 /* PersistenceManager.swift */,
			);
			path = Managers;
			sourceTree = "<group>";
		};
		0439E4652D5C16DF0029FC07 /* Utilities */ = {
			isa = PBXGroup;
			children = (
				0439E4662D5C16FD0029FC07 /* GFError.swift */,
				04F6BFAC2D617776003FBFF5 /* UIHelper.swift */,
				0410FAC52D670A6400E518FF /* Constants.swift */,
			);
			path = Utilities;
			sourceTree = "<group>";
		};
		045F5B0A2D65609300209CEC /* ViewControllers */ = {
			isa = PBXGroup;
			children = (
				04EE752F2D69C81A00545ADC /* ItemInfoVCs */,
				046138C62D5AD3CA00E44144 /* GFAlertVC.swift */,
				0410FAC12D67004200E518FF /* GFUserInfoHeaderVC.swift */,
			);
			path = ViewControllers;
			sourceTree = "<group>";
		};
		045F5B0B2D6560A000209CEC /* Buttons */ = {
			isa = PBXGroup;
			children = (
				046A60032D305FDE0041ADAF /* GFButton.swift */,
			);
			path = Buttons;
			sourceTree = "<group>";
		};
		045F5B0C2D6560AB00209CEC /* TextFields */ = {
			isa = PBXGroup;
			children = (
				046A60072D3082B90041ADAF /* GFTextField.swift */,
			);
			path = TextFields;
			sourceTree = "<group>";
		};
		045F5B0D2D6560B600209CEC /* Views */ = {
			isa = PBXGroup;
			children = (
				045F5B102D65617800209CEC /* GFEmptyStateView.swift */,
				04EE752D2D69B67300545ADC /* GFItemInfoView.swift */,
			);
			path = Views;
			sourceTree = "<group>";
		};
		045F5B0E2D6560C600209CEC /* ImageViews */ = {
			isa = PBXGroup;
			children = (
				0431CC932D6028D700FBE602 /* GFAvatarImageView.swift */,
			);
			path = ImageViews;
			sourceTree = "<group>";
		};
		045F5B0F2D65610F00209CEC /* Labels */ = {
			isa = PBXGroup;
			children = (
				04E97DD22D598E8200451206 /* GFBodyLabel.swift */,
				04E97DD02D59890E00451206 /* GFTitleLabel.swift */,
				0410FAC32D6700DB00E518FF /* GFSecondaryTitleLabel.swift */,
			);
			path = Labels;
			sourceTree = "<group>";
		};
		046138CA2D5AE28900E44144 /* Screens */ = {
			isa = PBXGroup;
			children = (
				046A60092D30B0B90041ADAF /* FollowerListVC.swift */,
				04EDB7292D2E0DE300853384 /* FavoritesListVC.swift */,
				04EDB7272D2E0D9F00853384 /* SearchVC.swift */,
				045F5B122D657B2600209CEC /* UserInfoVC.swift */,
			);
			path = Screens;
			sourceTree = "<group>";
		};
		046138CB2D5AE2EF00E44144 /* Custom Views */ = {
			isa = PBXGroup;
			children = (
				047FEC6C2D734FAD002A2FC6 /* TabBarControllers */,
				045F5B0F2D65610F00209CEC /* Labels */,
				045F5B0E2D6560C600209CEC /* ImageViews */,
				045F5B0D2D6560B600209CEC /* Views */,
				045F5B0C2D6560AB00209CEC /* TextFields */,
				045F5B0B2D6560A000209CEC /* Buttons */,
				045F5B0A2D65609300209CEC /* ViewControllers */,
				0431CC902D60276F00FBE602 /* Cells */,
			);
			path = "Custom Views";
			sourceTree = "<group>";
		};
		046138CC2D5AE36900E44144 /* Extentions */ = {
			isa = PBXGroup;
			children = (
				046138C82D5ADD3700E44144 /* UIViewControllers+Ext.swift */,
				04EE75362D69D73200545ADC /* String+Ext.swift */,
				04EE75382D69D74500545ADC /* Date+Ext.swift */,
			);
			path = Extentions;
			sourceTree = "<group>";
		};
		046138CD2D5AE3D700E44144 /* Support */ = {
			isa = PBXGroup;
			children = (
				0402AD2A2D2CD0820066BA07 /* AppDelegate.swift */,
				0402AD2C2D2CD0820066BA07 /* SceneDelegate.swift */,
				0402AD332D2CD0840066BA07 /* Assets.xcassets */,
				0402AD352D2CD0840066BA07 /* LaunchScreen.storyboard */,
			);
			path = Support;
			sourceTree = "<group>";
		};
		046138CE2D5AF10F00E44144 /* Model */ = {
			isa = PBXGroup;
			children = (
				046138CF2D5AF12200E44144 /* Follower.swift */,
				046138D12D5AF28400E44144 /* User.swift */,
			);
			path = Model;
			sourceTree = "<group>";
		};
		047FEC6C2D734FAD002A2FC6 /* TabBarControllers */ = {
			isa = PBXGroup;
			children = (
				047FEC6D2D734FD3002A2FC6 /* GFTabBarController.swift */,
			);
			path = TabBarControllers;
			sourceTree = "<group>";
		};
		04EE752F2D69C81A00545ADC /* ItemInfoVCs */ = {
			isa = PBXGroup;
			children = (
				04EE75302D69C84200545ADC /* GFItemInfoVC.swift */,
				04EE75322D69C87100545ADC /* GFFollowerItemVC.swift */,
				04EE75342D69C89800545ADC /* GFRepoItemVC.swift */,
			);
			path = ItemInfoVCs;
			sourceTree = "<group>";
		};
/* End PBXGroup section */

/* Begin PBXNativeTarget section */
		0402AD262D2CD0820066BA07 /* GitHubFollowers */ = {
			isa = PBXNativeTarget;
			buildConfigurationList = 0402AD3B2D2CD0840066BA07 /* Build configuration list for PBXNativeTarget "GitHubFollowers" */;
			buildPhases = (
				0402AD232D2CD0820066BA07 /* Sources */,
				0402AD242D2CD0820066BA07 /* Frameworks */,
				0402AD252D2CD0820066BA07 /* Resources */,
			);
			buildRules = (
			);
			dependencies = (
			);
			name = GitHubFollowers;
			productName = GitHubFollowers;
			productReference = 0402AD272D2CD0820066BA07 /* GitHubFollowers.app */;
			productType = "com.apple.product-type.application";
		};
/* End PBXNativeTarget section */

/* Begin PBXProject section */
		0402AD1F2D2CD0820066BA07 /* Project object */ = {
			isa = PBXProject;
			attributes = {
				BuildIndependentTargetsInParallel = 1;
				LastSwiftUpdateCheck = 1420;
				LastUpgradeCheck = 1420;
				TargetAttributes = {
					0402AD262D2CD0820066BA07 = {
						CreatedOnToolsVersion = 14.2;
					};
				};
			};
			buildConfigurationList = 0402AD222D2CD0820066BA07 /* Build configuration list for PBXProject "GitHubFollowers" */;
			compatibilityVersion = "Xcode 14.0";
			developmentRegion = en;
			hasScannedForEncodings = 0;
			knownRegions = (
				en,
				Base,
			);
			mainGroup = 0402AD1E2D2CD0820066BA07;
			productRefGroup = 0402AD282D2CD0820066BA07 /* Products */;
			projectDirPath = "";
			projectRoot = "";
			targets = (
				0402AD262D2CD0820066BA07 /* GitHubFollowers */,
			);
		};
/* End PBXProject section */

/* Begin PBXResourcesBuildPhase section */
		0402AD252D2CD0820066BA07 /* Resources */ = {
			isa = PBXResourcesBuildPhase;
			buildActionMask = 2147483647;
			files = (
				0402AD372D2CD0840066BA07 /* LaunchScreen.storyboard in Resources */,
				0402AD342D2CD0840066BA07 /* Assets.xcassets in Resources */,
			);
			runOnlyForDeploymentPostprocessing = 0;
		};
/* End PBXResourcesBuildPhase section */

/* Begin PBXSourcesBuildPhase section */
		0402AD232D2CD0820066BA07 /* Sources */ = {
			isa = PBXSourcesBuildPhase;
			buildActionMask = 2147483647;
			files = (
				04EE75332D69C87100545ADC /* GFFollowerItemVC.swift in Sources */,
				046138D22D5AF28400E44144 /* User.swift in Sources */,
				046A60082D3082B90041ADAF /* GFTextField.swift in Sources */,
				04EDB7282D2E0D9F00853384 /* SearchVC.swift in Sources */,
				046A60042D305FDE0041ADAF /* GFButton.swift in Sources */,
				04EDB72A2D2E0DE300853384 /* FavoritesListVC.swift in Sources */,
				04F6BFAD2D617776003FBFF5 /* UIHelper.swift in Sources */,
				04EE75312D69C84200545ADC /* GFItemInfoVC.swift in Sources */,
				0410FAC62D670A6400E518FF /* Constants.swift in Sources */,
				0431CC942D6028D700FBE602 /* GFAvatarImageView.swift in Sources */,
				046138C72D5AD3CA00E44144 /* GFAlertVC.swift in Sources */,
				04E97DD32D598E8200451206 /* GFBodyLabel.swift in Sources */,
				04EE75352D69C89800545ADC /* GFRepoItemVC.swift in Sources */,
				04EE752E2D69B67300545ADC /* GFItemInfoView.swift in Sources */,
				0417420D2D70720D0057E93E /* FavoriteCell.swift in Sources */,
				0431CC922D60279E00FBE602 /* FollowerCell.swift in Sources */,
				047FEC6E2D734FD3002A2FC6 /* GFTabBarController.swift in Sources */,
				0439E4672D5C16FD0029FC07 /* GFError.swift in Sources */,
				0410FAC22D67004200E518FF /* GFUserInfoHeaderVC.swift in Sources */,
				04E97DD12D59890E00451206 /* GFTitleLabel.swift in Sources */,
				046138D02D5AF12200E44144 /* Follower.swift in Sources */,
				046A600A2D30B0B90041ADAF /* FollowerListVC.swift in Sources */,
				0410FAC42D6700DB00E518FF /* GFSecondaryTitleLabel.swift in Sources */,
				04D1F56A2D6EFC1B00DEED71 /* PersistenceManager.swift in Sources */,
				045F5B112D65617800209CEC /* GFEmptyStateView.swift in Sources */,
				04EE75372D69D73200545ADC /* String+Ext.swift in Sources */,
				04EE75392D69D74500545ADC /* Date+Ext.swift in Sources */,
				0439E4642D5BF18D0029FC07 /* NetworkManager.swift in Sources */,
				0402AD2B2D2CD0820066BA07 /* AppDelegate.swift in Sources */,
				046138C92D5ADD3700E44144 /* UIViewControllers+Ext.swift in Sources */,
				0402AD2D2D2CD0820066BA07 /* SceneDelegate.swift in Sources */,
				045F5B132D657B2600209CEC /* UserInfoVC.swift in Sources */,
			);
			runOnlyForDeploymentPostprocessing = 0;
		};
/* End PBXSourcesBuildPhase section */

/* Begin PBXVariantGroup section */
		0402AD352D2CD0840066BA07 /* LaunchScreen.storyboard */ = {
			isa = PBXVariantGroup;
			children = (
				0402AD362D2CD0840066BA07 /* Base */,
			);
			name = LaunchScreen.storyboard;
			sourceTree = "<group>";
		};
/* End PBXVariantGroup section */

/* Begin XCBuildConfiguration section */
		0402AD392D2CD0840066BA07 /* Debug */ = {
			isa = XCBuildConfiguration;
			buildSettings = {
				ALWAYS_SEARCH_USER_PATHS = NO;
				CLANG_ANALYZER_NONNULL = YES;
				CLANG_ANALYZER_NUMBER_OBJECT_CONVERSION = YES_AGGRESSIVE;
				CLANG_CXX_LANGUAGE_STANDARD = "gnu++20";
				CLANG_ENABLE_MODULES = YES;
				CLANG_ENABLE_OBJC_ARC = YES;
				CLANG_ENABLE_OBJC_WEAK = YES;
				CLANG_WARN_BLOCK_CAPTURE_AUTORELEASING = YES;
				CLANG_WARN_BOOL_CONVERSION = YES;
				CLANG_WARN_COMMA = YES;
				CLANG_WARN_CONSTANT_CONVERSION = YES;
				CLANG_WARN_DEPRECATED_OBJC_IMPLEMENTATIONS = YES;
				CLANG_WARN_DIRECT_OBJC_ISA_USAGE = YES_ERROR;
				CLANG_WARN_DOCUMENTATION_COMMENTS = YES;
				CLANG_WARN_EMPTY_BODY = YES;
				CLANG_WARN_ENUM_CONVERSION = YES;
				CLANG_WARN_INFINITE_RECURSION = YES;
				CLANG_WARN_INT_CONVERSION = YES;
				CLANG_WARN_NON_LITERAL_NULL_CONVERSION = YES;
				CLANG_WARN_OBJC_IMPLICIT_RETAIN_SELF = YES;
				CLANG_WARN_OBJC_LITERAL_CONVERSION = YES;
				CLANG_WARN_OBJC_ROOT_CLASS = YES_ERROR;
				CLANG_WARN_QUOTED_INCLUDE_IN_FRAMEWORK_HEADER = YES;
				CLANG_WARN_RANGE_LOOP_ANALYSIS = YES;
				CLANG_WARN_STRICT_PROTOTYPES = YES;
				CLANG_WARN_SUSPICIOUS_MOVE = YES;
				CLANG_WARN_UNGUARDED_AVAILABILITY = YES_AGGRESSIVE;
				CLANG_WARN_UNREACHABLE_CODE = YES;
				CLANG_WARN__DUPLICATE_METHOD_MATCH = YES;
				COPY_PHASE_STRIP = NO;
				DEBUG_INFORMATION_FORMAT = dwarf;
				ENABLE_STRICT_OBJC_MSGSEND = YES;
				ENABLE_TESTABILITY = YES;
				GCC_C_LANGUAGE_STANDARD = gnu11;
				GCC_DYNAMIC_NO_PIC = NO;
				GCC_NO_COMMON_BLOCKS = YES;
				GCC_OPTIMIZATION_LEVEL = 0;
				GCC_PREPROCESSOR_DEFINITIONS = (
					"DEBUG=1",
					"$(inherited)",
				);
				GCC_WARN_64_TO_32_BIT_CONVERSION = YES;
				GCC_WARN_ABOUT_RETURN_TYPE = YES_ERROR;
				GCC_WARN_UNDECLARED_SELECTOR = YES;
				GCC_WARN_UNINITIALIZED_AUTOS = YES_AGGRESSIVE;
				GCC_WARN_UNUSED_FUNCTION = YES;
				GCC_WARN_UNUSED_VARIABLE = YES;
				IPHONEOS_DEPLOYMENT_TARGET = 15.2;
				MTL_ENABLE_DEBUG_INFO = INCLUDE_SOURCE;
				MTL_FAST_MATH = YES;
				ONLY_ACTIVE_ARCH = YES;
				SDKROOT = iphoneos;
				SWIFT_ACTIVE_COMPILATION_CONDITIONS = DEBUG;
				SWIFT_OPTIMIZATION_LEVEL = "-Onone";
			};
			name = Debug;
		};
		0402AD3A2D2CD0840066BA07 /* Release */ = {
			isa = XCBuildConfiguration;
			buildSettings = {
				ALWAYS_SEARCH_USER_PATHS = NO;
				CLANG_ANALYZER_NONNULL = YES;
				CLANG_ANALYZER_NUMBER_OBJECT_CONVERSION = YES_AGGRESSIVE;
				CLANG_CXX_LANGUAGE_STANDARD = "gnu++20";
				CLANG_ENABLE_MODULES = YES;
				CLANG_ENABLE_OBJC_ARC = YES;
				CLANG_ENABLE_OBJC_WEAK = YES;
				CLANG_WARN_BLOCK_CAPTURE_AUTORELEASING = YES;
				CLANG_WARN_BOOL_CONVERSION = YES;
				CLANG_WARN_COMMA = YES;
				CLANG_WARN_CONSTANT_CONVERSION = YES;
				CLANG_WARN_DEPRECATED_OBJC_IMPLEMENTATIONS = YES;
				CLANG_WARN_DIRECT_OBJC_ISA_USAGE = YES_ERROR;
				CLANG_WARN_DOCUMENTATION_COMMENTS = YES;
				CLANG_WARN_EMPTY_BODY = YES;
				CLANG_WARN_ENUM_CONVERSION = YES;
				CLANG_WARN_INFINITE_RECURSION = YES;
				CLANG_WARN_INT_CONVERSION = YES;
				CLANG_WARN_NON_LITERAL_NULL_CONVERSION = YES;
				CLANG_WARN_OBJC_IMPLICIT_RETAIN_SELF = YES;
				CLANG_WARN_OBJC_LITERAL_CONVERSION = YES;
				CLANG_WARN_OBJC_ROOT_CLASS = YES_ERROR;
				CLANG_WARN_QUOTED_INCLUDE_IN_FRAMEWORK_HEADER = YES;
				CLANG_WARN_RANGE_LOOP_ANALYSIS = YES;
				CLANG_WARN_STRICT_PROTOTYPES = YES;
				CLANG_WARN_SUSPICIOUS_MOVE = YES;
				CLANG_WARN_UNGUARDED_AVAILABILITY = YES_AGGRESSIVE;
				CLANG_WARN_UNREACHABLE_CODE = YES;
				CLANG_WARN__DUPLICATE_METHOD_MATCH = YES;
				COPY_PHASE_STRIP = NO;
				DEBUG_INFORMATION_FORMAT = "dwarf-with-dsym";
				ENABLE_NS_ASSERTIONS = NO;
				ENABLE_STRICT_OBJC_MSGSEND = YES;
				GCC_C_LANGUAGE_STANDARD = gnu11;
				GCC_NO_COMMON_BLOCKS = YES;
				GCC_WARN_64_TO_32_BIT_CONVERSION = YES;
				GCC_WARN_ABOUT_RETURN_TYPE = YES_ERROR;
				GCC_WARN_UNDECLARED_SELECTOR = YES;
				GCC_WARN_UNINITIALIZED_AUTOS = YES_AGGRESSIVE;
				GCC_WARN_UNUSED_FUNCTION = YES;
				GCC_WARN_UNUSED_VARIABLE = YES;
				IPHONEOS_DEPLOYMENT_TARGET = 15.2;
				MTL_ENABLE_DEBUG_INFO = NO;
				MTL_FAST_MATH = YES;
				SDKROOT = iphoneos;
				SWIFT_COMPILATION_MODE = wholemodule;
				SWIFT_OPTIMIZATION_LEVEL = "-O";
				VALIDATE_PRODUCT = YES;
			};
			name = Release;
		};
		0402AD3C2D2CD0840066BA07 /* Debug */ = {
			isa = XCBuildConfiguration;
			buildSettings = {
				ASSETCATALOG_COMPILER_APPICON_NAME = AppIcon;
				ASSETCATALOG_COMPILER_GLOBAL_ACCENT_COLOR_NAME = AccentColor;
				CODE_SIGN_STYLE = Automatic;
				CURRENT_PROJECT_VERSION = 1;
				GENERATE_INFOPLIST_FILE = YES;
				INFOPLIST_FILE = GitHubFollowers/Info.plist;
				INFOPLIST_KEY_UIApplicationSupportsIndirectInputEvents = YES;
				INFOPLIST_KEY_UILaunchStoryboardName = LaunchScreen;
				INFOPLIST_KEY_UIMainStoryboardFile = "";
				INFOPLIST_KEY_UIStatusBarStyle = "";
				INFOPLIST_KEY_UISupportedInterfaceOrientations = UIInterfaceOrientationPortrait;
				IPHONEOS_DEPLOYMENT_TARGET = 16.2;
				LD_RUNPATH_SEARCH_PATHS = (
					"$(inherited)",
					"@executable_path/Frameworks",
				);
				MARKETING_VERSION = 1.0;
				PRODUCT_BUNDLE_IDENTIFIER = com.basantsalama.GitHubFollowers;
				PRODUCT_NAME = "$(TARGET_NAME)";
				SWIFT_EMIT_LOC_STRINGS = YES;
				SWIFT_VERSION = 5.0;
				TARGETED_DEVICE_FAMILY = "1,2";
			};
			name = Debug;
		};
		0402AD3D2D2CD0840066BA07 /* Release */ = {
			isa = XCBuildConfiguration;
			buildSettings = {
				ASSETCATALOG_COMPILER_APPICON_NAME = AppIcon;
				ASSETCATALOG_COMPILER_GLOBAL_ACCENT_COLOR_NAME = AccentColor;
				CODE_SIGN_STYLE = Automatic;
				CURRENT_PROJECT_VERSION = 1;
				GENERATE_INFOPLIST_FILE = YES;
				INFOPLIST_FILE = GitHubFollowers/Info.plist;
				INFOPLIST_KEY_UIApplicationSupportsIndirectInputEvents = YES;
				INFOPLIST_KEY_UILaunchStoryboardName = LaunchScreen;
				INFOPLIST_KEY_UIMainStoryboardFile = "";
				INFOPLIST_KEY_UIStatusBarStyle = "";
				INFOPLIST_KEY_UISupportedInterfaceOrientations = UIInterfaceOrientationPortrait;
				IPHONEOS_DEPLOYMENT_TARGET = 16.2;
				LD_RUNPATH_SEARCH_PATHS = (
					"$(inherited)",
					"@executable_path/Frameworks",
				);
				MARKETING_VERSION = 1.0;
				PRODUCT_BUNDLE_IDENTIFIER = com.basantsalama.GitHubFollowers;
				PRODUCT_NAME = "$(TARGET_NAME)";
				SWIFT_EMIT_LOC_STRINGS = YES;
				SWIFT_VERSION = 5.0;
				TARGETED_DEVICE_FAMILY = "1,2";
			};
			name = Release;
		};
/* End XCBuildConfiguration section */

/* Begin XCConfigurationList section */
		0402AD222D2CD0820066BA07 /* Build configuration list for PBXProject "GitHubFollowers" */ = {
			isa = XCConfigurationList;
			buildConfigurations = (
				0402AD392D2CD0840066BA07 /* Debug */,
				0402AD3A2D2CD0840066BA07 /* Release */,
			);
			defaultConfigurationIsVisible = 0;
			defaultConfigurationName = Release;
		};
		0402AD3B2D2CD0840066BA07 /* Build configuration list for PBXNativeTarget "GitHubFollowers" */ = {
			isa = XCConfigurationList;
			buildConfigurations = (
				0402AD3C2D2CD0840066BA07 /* Debug */,
				0402AD3D2D2CD0840066BA07 /* Release */,
			);
			defaultConfigurationIsVisible = 0;
			defaultConfigurationName = Release;
		};
/* End XCConfigurationList section */
	};
	rootObject = 0402AD1F2D2CD0820066BA07 /* Project object */;
}
